{
  "name": "pi-coding",
  "version": "0.0.44",
  "lockfileVersion": 3,
  "requires": true,
  "packages": {
    "": {
      "name": "pi-coding",
      "version": "0.0.44",
      "license": "MIT",
      "dependencies": {
        "@xterm/addon-fit": "0.12.0-beta.292",
        "@xterm/addon-search": "0.17.0-beta.292",
        "@xterm/addon-unicode11": "0.10.0-beta.292",
        "@xterm/addon-web-links": "0.13.0-beta.292",
        "@xterm/addon-webgl": "0.20.0-beta.291",
        "@xterm/xterm": "6.1.0-beta.292",
        "node-pty": "1.1.0"
      },
      "devDependencies": {
        "@types/node": "22.19.19",
        "@types/vscode": "1.85.0",
        "typescript": "5.9.3"
      },
      "engines": {
        "vscode": "^1.106.0"
      }
    },
    "node_modules/@types/node": {
      "version": "22.19.19",
      "resolved": "https://registry.npmjs.org/@types/node/-/node-22.19.19.tgz",
      "integrity": "sha512-dyh/xO2Fh5bYrfWaaqGrRQQGkNdmYw6AmaAUvYeUMNTWQtvb796ikLdmTchRmOlOiIJ1TDXfWgVx1QkUlQ6Hew==",
      "dev": true,
      "license": "MIT",
      "dependencies": {
        "undici-types": "~6.21.0"
      }
    },
    "node_modules/@types/vscode": {
      "version": "1.85.0",
      "resolved": "https://registry.npmjs.org/@types/vscode/-/vscode-1.85.0.tgz",
      "integrity": "sha512-CF/RBon/GXwdfmnjZj0WTUMZN5H6YITOfBCP4iEZlOtVQXuzw6t7Le7+cR+7JzdMrnlm7Mfp49Oj2TuSXIWo3g==",
      "dev": true,
      "license": "MIT"
    },
    "node_modules/@xterm/addon-fit": {
      "version": "0.12.0-beta.292",
      "resolved": "https://registry.npmjs.org/@xterm/addon-fit/-/addon-fit-0.12.0-beta.292.tgz",
      "integrity": "sha512-SIuWR0KM2IpmumVqL4L43aOUeTEUeN82ItyrUFHGFtfj3veoAIbPapxJPj7O0tYngfiiHZqqm1+XsZp/Fc8LLA==",
      "license": "MIT",
      "peerDependencies": {
        "@xterm/xterm": "^6.1.0-beta.292"
      }
    },
    "node_modules/@xterm/addon-search": {
      "version": "0.17.0-beta.292",
      "resolved": "https://registry.npmjs.org/@xterm/addon-search/-/addon-search-0.17.0-beta.292.tgz",
      "integrity": "sha512-F12brJvBETblxh7NGu9RmHwcavcJJvd9RWjPID+WZg9mJcFucDjZTOSrWZyWRPCn/+8NWadsFAQynFFmBMo2Ng==",
      "license": "MIT",
      "peerDependencies": {
        "@xterm/xterm": "^6.1.0-beta.292"
      }
    },
    "node_modules/@xterm/addon-unicode11": {
      "version": "0.10.0-beta.292",
      "resolved": "https://registry.npmjs.org/@xterm/addon-unicode11/-/addon-unicode11-0.10.0-beta.292.tgz",
      "integrity": "sha512-2Qw4ET+eq+rP07khdPkjwZd60+QZ8i5zI2iiVZGlghSvRtuujgrhXeYf1B5Pu4KNpmrOnZERLOyeoH/VW5xV4g==",
      "license": "MIT",
      "peerDependencies": {
        "@xterm/xterm": "^6.1.0-beta.292"
      }
    },
    "node_modules/@xterm/addon-web-links": {
      "version": "0.13.0-beta.292",
      "resolved": "https://registry.npmjs.org/@xterm/addon-web-links/-/addon-web-links-0.13.0-beta.292.tgz",
      "integrity": "sha512-1k3i3N8Jm0ZU9oQD5X9WNiWOMRkHFkgFZT9ZoUNHteBksrUbWGVnjZLXxRBfhvYUPYD5pzwrq/i6OtQzggJRXA==",
      "license": "MIT",
      "peerDependencies": {
        "@xterm/xterm": "^6.1.0-beta.292"
      }
    },
    "node_modules/@xterm/addon-webgl": {
      "version": "0.20.0-beta.291",
      "resolved": "https://registry.npmjs.org/@xterm/addon-webgl/-/addon-webgl-0.20.0-beta.291.tgz",
      "integrity": "sha512-gH7r5g8f2NWMhBtaeApuwLQTJmX4uq7zT0okjeNWkFAD0nxzbUPB+kt6sogZZ5K90XYPt2OLu/bhuvF6DmKqOQ==",
      "license": "MIT",
      "peerDependencies": {
        "@xterm/xterm": "^6.1.0-beta.292"
      }
    },
    "node_modules/@xterm/xterm": {
      "version": "6.1.0-beta.292",
      "resolved": "https://registry.npmjs.org/@xterm/xterm/-/xterm-6.1.0-beta.292.tgz",
      "integrity": "sha512-17zqK5tM/l6qeD7McF42OrEJ6w3XqJ2vFVKdWqu0cYLzdFqMWAHp2oFNc8Fj5DmqDSl1E1FZEg6IFflDllTvLA==",
      "license": "MIT",
      "workspaces": [
        "addons/*"
      ]
    },
    "node_modules/node-addon-api": {
      "version": "7.1.1",
      "resolved": "https://registry.npmjs.org/node-addon-api/-/node-addon-api-7.1.1.tgz",
      "integrity": "sha512-5m3bsyrjFWE1xf7nz7YXdN4udnVtXK6/Yfgn5qnahL6bCkf2yKt4k3nuTKAtT4r3IG8JNR2ncsIMdZuAzJjHQQ==",
      "license": "MIT"
    },
    "node_modules/node-pty": {
      "version": "1.1.0",
      "resolved": "https://registry.npmjs.org/node-pty/-/node-pty-1.1.0.tgz",
      "integrity": "sha512-20JqtutY6JPXTUnL0ij1uad7Qe1baT46lyolh2sSENDd4sTzKZ4nmAFkeAARDKwmlLjPx6XKRlwRUxwjOy+lUg==",
      "hasInstallScript": true,
      "license": "MIT",
      "dependencies": {
        "node-addon-api": "^7.1.0"
      }
    },
    "node_modules/typescript": {
      "version": "5.9.3",
      "resolved": "https://registry.npmjs.org/typescript/-/typescript-5.9.3.tgz",
      "integrity": "sha512-jl1vZzPDinLr9eUt3J/t7V6FgNEw9QjvBPdysz9KfQDD41fQrC2Y4vKQdiaUpFT4bXlb1RHhLpp8wtm6M5TgSw==",
      "dev": true,
      "license": "Apache-2.0",
      "bin": {
        "tsc": "bin/tsc",
        "tsserver": "bin/tsserver"
      },
      "engines": {
        "node": ">=14.17"
      }
    },
    "node_modules/undici-types": {
      "version": "6.21.0",
      "resolved": "https://registry.npmjs.org/undici-types/-/undici-types-6.21.0.tgz",
      "integrity": "sha512-iwDZqg0QAGrg9Rav5H4n0M64c3mkR59cJ6wQp+7C4nI0gsmExaedaYLNO44eT4AtBBwjbTiGPMlt2Md0T9H9JQ==",
      "dev": true,
      "license": "MIT"
    }
  }
}
